// !$*UTF8*$!
{
	archiveVersion = 1;
	classes = {
	};
	objectVersion = 46;
	objects = {

/* Begin PBXBuildFile section */
		142099D11D5EFC4A0071089F /* main.m in Sources */ = {isa = PBXBuildFile; fileRef = 142099D01D5EFC4A0071089F /* main.m */; };
		142099D41D5EFC4A0071089F /* AppDelegate.m in Sources */ = {isa = PBXBuildFile; fileRef = 142099D31D5EFC4A0071089F /* AppDelegate.m */; };
		142099DC1D5EFC4A0071089F /* Assets.xcassets in Resources */ = {isa = PBXBuildFile; fileRef = 142099DB1D5EFC4A0071089F /* Assets.xcassets */; };
		14F97F601D69838B00DBFF4A /* TFTableViewCell.m in Sources */ = {isa = PBXBuildFile; fileRef = 14F97F5E1D69838B00DBFF4A /* TFTableViewCell.m */; };
		14F97F611D69838B00DBFF4A /* TFTableViewController.m in Sources */ = {isa = PBXBuildFile; fileRef = 14F97F5F1D69838B00DBFF4A /* TFTableViewController.m */; };
		14F97F641D6984A300DBFF4A /* ZYDragView.m in Sources */ = {isa = PBXBuildFile; fileRef = 14F97F631D6984A300DBFF4A /* ZYDragView.m */; };
/* End PBXBuildFile section */

/* Begin PBXFileReference section */
		142099CC1D5EFC4A0071089F /* ClassmateContacts.app */ = {isa = PBXFileReference; explicitFileType = wrapper.application; includeInIndex = 0; path = ClassmateContacts.app; sourceTree = BUILT_PRODUCTS_DIR; };
		142099D01D5EFC4A0071089F /* main.m */ = {isa = PBXFileReference; lastKnownFileType = sourcecode.c.objc; path = main.m; sourceTree = "<group>"; };
		142099D21D5EFC4A0071089F /* AppDelegate.h */ = {isa = PBXFileReference; lastKnownFileType = sourcecode.c.h; path = AppDelegate.h; sourceTree = "<group>"; };
		142099D31D5EFC4A0071089F /* AppDelegate.m */ = {isa = PBXFileReference; lastKnownFileType = sourcecode.c.objc; path = AppDelegate.m; sourceTree = "<group>"; };
		142099DB1D5EFC4A0071089F /* Assets.xcassets */ = {isa = PBXFileReference; lastKnownFileType = folder.assetcatalog; path = Assets.xcassets; sourceTree = "<group>"; };
		142099E01D5EFC4A0071089F /* Info.plist */ = {isa = PBXFileReference; lastKnownFileType = text.plist.xml; path = Info.plist; sourceTree = "<group>"; };
		14F97F5C1D69838B00DBFF4A /* TFTableViewController.h */ = {isa = PBXFileReference; fileEncoding = 4; lastKnownFileType = sourcecode.c.h; name = TFTableViewController.h; path = TestForFunctions/TFTableViewController.h; sourceTree = "<group>"; };
		14F97F5D1D69838B00DBFF4A /* TFTableViewCell.h */ = {isa = PBXFileReference; fileEncoding = 4; lastKnownFileType = sourcecode.c.h; name = TFTableViewCell.h; path = TestForFunctions/TFTableViewCell.h; sourceTree = "<group>"; };
		14F97F5E1D69838B00DBFF4A /* TFTableViewCell.m */ = {isa = PBXFileReference; fileEncoding = 4; lastKnownFileType = sourcecode.c.objc; name = TFTableViewCell.m; path = TestForFunctions/TFTableViewCell.m; sourceTree = "<group>"; };
		14F97F5F1D69838B00DBFF4A /* TFTableViewController.m */ = {isa = PBXFileReference; fileEncoding = 4; lastKnownFileType = sourcecode.c.objc; name = TFTableViewController.m; path = TestForFunctions/TFTableViewController.m; sourceTree = "<group>"; };
		14F97F621D6984A300DBFF4A /* ZYDragView.h */ = {isa = PBXFileReference; fileEncoding = 4; lastKnownFileType = sourcecode.c.h; name = ZYDragView.h; path = ZYDragView/ZYDragView.h; sourceTree = "<group>"; };
		14F97F631D6984A300DBFF4A /* ZYDragView.m */ = {isa = PBXFileReference; fileEncoding = 4; lastKnownFileType = sourcecode.c.objc; name = ZYDragView.m; path = ZYDragView/ZYDragView.m; sourceTree = "<group>"; };
/* End PBXFileReference section */

/* Begin PBXFrameworksBuildPhase section */
		142099C91D5EFC4A0071089F /* Frameworks */ = {
			isa = PBXFrameworksBuildPhase;
			buildActionMask = 2147483647;
			files = (
			);
			runOnlyForDeploymentPostprocessing = 0;
		};
/* End PBXFrameworksBuildPhase section */

/* Begin PBXGroup section */
		142099C31D5EFC4A0071089F = {
			isa = PBXGroup;
			children = (
				142099CE1D5EFC4A0071089F /* ClassmateContacts */,
				142099CD1D5EFC4A0071089F /* Products */,
			);
			sourceTree = "<group>";
		};
		142099CD1D5EFC4A0071089F /* Products */ = {
			isa = PBXGroup;
			children = (
				142099CC1D5EFC4A0071089F /* ClassmateContacts.app */,
			);
			name = Products;
			sourceTree = "<group>";
		};
		142099CE1D5EFC4A0071089F /* ClassmateContacts */ = {
			isa = PBXGroup;
			children = (
				14F97F651D6984A800DBFF4A /* ZYDragView */,
				142099E61D5F4DF30071089F /* TestForFunctions */,
				142099D21D5EFC4A0071089F /* AppDelegate.h */,
				142099D31D5EFC4A0071089F /* AppDelegate.m */,
				142099DB1D5EFC4A0071089F /* Assets.xcassets */,
				142099E01D5EFC4A0071089F /* Info.plist */,
				142099CF1D5EFC4A0071089F /* Supporting Files */,
			);
			path = ClassmateContacts;
			sourceTree = "<group>";
		};
		142099CF1D5EFC4A0071089F /* Supporting Files */ = {
			isa = PBXGroup;
			children = (
				142099D01D5EFC4A0071089F /* main.m */,
			);
			name = "Supporting Files";
			sourceTree = "<group>";
		};
		142099E61D5F4DF30071089F /* TestForFunctions */ = {
			isa = PBXGroup;
			children = (
				142099E71D5F4E050071089F /* Model */,
				142099E81D5F4E110071089F /* View */,
				142099E91D5F4E1A0071089F /* Controller */,
			);
			name = TestForFunctions;
			sourceTree = "<group>";
		};
		142099E71D5F4E050071089F /* Model */ = {
			isa = PBXGroup;
			children = (
			);
			name = Model;
			sourceTree = "<group>";
		};
		142099E81D5F4E110071089F /* View */ = {
			isa = PBXGroup;
			children = (
				14F97F5D1D69838B00DBFF4A /* TFTableViewCell.h */,
				14F97F5E1D69838B00DBFF4A /* TFTableViewCell.m */,
			);
			name = View;
			sourceTree = "<group>";
		};
		142099E91D5F4E1A0071089F /* Controller */ = {
			isa = PBXGroup;
			children = (
				14F97F5C1D69838B00DBFF4A /* TFTableViewController.h */,
				14F97F5F1D69838B00DBFF4A /* TFTableViewController.m */,
			);
			name = Controller;
			sourceTree = "<group>";
		};
		14F97F651D6984A800DBFF4A /* ZYDragView */ = {
			isa = PBXGroup;
			children = (
				14F97F621D6984A300DBFF4A /* ZYDragView.h */,
				14F97F631D6984A300DBFF4A /* ZYDragView.m */,
			);
			name = ZYDragView;
			sourceTree = "<group>";
		};
/* End PBXGroup section */

/* Begin PBXNativeTarget section */
		142099CB1D5EFC4A0071089F /* ClassmateContacts */ = {
			isa = PBXNativeTarget;
			buildConfigurationList = 142099E31D5EFC4A0071089F /* Build configuration list for PBXNativeTarget "ClassmateContacts" */;
			buildPhases = (
				142099C81D5EFC4A0071089F /* Sources */,
				142099C91D5EFC4A0071089F /* Frameworks */,
				142099CA1D5EFC4A0071089F /* Resources */,
			);
			buildRules = (
			);
			dependencies = (
			);
			name = ClassmateContacts;
			productName = ClassmateContacts;
			productReference = 142099CC1D5EFC4A0071089F /* ClassmateContacts.app */;
			productType = "com.apple.product-type.application";
		};
/* End PBXNativeTarget section */

/* Begin PBXProject section */
		142099C41D5EFC4A0071089F /* Project object */ = {
			isa = PBXProject;
			attributes = {
				LastUpgradeCheck = 0730;
				ORGANIZATIONNAME = BUPT;
				TargetAttributes = {
					142099CB1D5EFC4A0071089F = {
						CreatedOnToolsVersion = 7.3.1;
						DevelopmentTeam = PXUE9E3FR2;
					};
				};
			};
			buildConfigurationList = 142099C71D5EFC4A0071089F /* Build configuration list for PBXProject "ClassmateContacts" */;
			compatibilityVersion = "Xcode 3.2";
			developmentRegion = English;
			hasScannedForEncodings = 0;
			knownRegions = (
				en,
				Base,
			);
			mainGroup = 142099C31D5EFC4A0071089F;
			productRefGroup = 142099CD1D5EFC4A0071089F /* Products */;
			projectDirPath = "";
			projectRoot = "";
			targets = (
				142099CB1D5EFC4A0071089F /* ClassmateContacts */,
			);
		};
/* End PBXProject section */

/* Begin PBXResourcesBuildPhase section */
		142099CA1D5EFC4A0071089F /* Resources */ = {
			isa = PBXResourcesBuildPhase;
			buildActionMask = 2147483647;
			files = (
				142099DC1D5EFC4A0071089F /* Assets.xcassets in Resources */,
			);
			runOnlyForDeploymentPostprocessing = 0;
		};
/* End PBXResourcesBuildPhase section */

/* Begin PBXSourcesBuildPhase section */
		142099C81D5EFC4A0071089F /* Sources */ = {
			isa = PBXSourcesBuildPhase;
			buildActionMask = 2147483647;
			files = (
				14F97F641D6984A300DBFF4A /* ZYDragView.m in Sources */,
				142099D41D5EFC4A0071089F /* AppDelegate.m in Sources */,
				14F97F601D69838B00DBFF4A /* TFTableViewCell.m in Sources */,
				142099D11D5EFC4A0071089F /* main.m in Sources */,
				14F97F611D69838B00DBFF4A /* TFTableViewController.m in Sources */,
			);
			runOnlyForDeploymentPostprocessing = 0;
		};
/* End PBXSourcesBuildPhase section */

/* Begin XCBuildConfiguration section */
		142099E11D5EFC4A0071089F /* Debug */ = {
			isa = XCBuildConfiguration;
			buildSettings = {
				ALWAYS_SEARCH_USER_PATHS = NO;
				CLANG_ANALYZER_NONNULL = YES;
				CLANG_CXX_LANGUAGE_STANDARD = "gnu++0x";
				CLANG_CXX_LIBRARY = "libc++";
				CLANG_ENABLE_MODULES = YES;
				CLANG_ENABLE_OBJC_ARC = YES;
				CLANG_WARN_BOOL_CONVERSION = YES;
				CLANG_WARN_CONSTANT_CONVERSION = YES;
				CLANG_WARN_DIRECT_OBJC_ISA_USAGE = YES_ERROR;
				CLANG_WARN_EMPTY_BODY = YES;
				CLANG_WARN_ENUM_CONVERSION = YES;
				CLANG_WARN_INT_CONVERSION = YES;
				CLANG_WARN_OBJC_ROOT_CLASS = YES_ERROR;
				CLANG_WARN_UNREACHABLE_CODE = YES;
				CLANG_WARN__DUPLICATE_METHOD_MATCH = YES;
				"CODE_SIGN_IDENTITY[sdk=iphoneos*]" = "iPhone Developer";
				COPY_PHASE_STRIP = NO;
				DEBUG_INFORMATION_FORMAT = dwarf;
				ENABLE_STRICT_OBJC_MSGSEND = YES;
				ENABLE_TESTABILITY = YES;
				GCC_C_LANGUAGE_STANDARD = gnu99;
				GCC_DYNAMIC_NO_PIC = NO;
				GCC_NO_COMMON_BLOCKS = YES;
				GCC_OPTIMIZATION_LEVEL = 0;
				GCC_PREPROCESSOR_DEFINITIONS = (
					"DEBUG=1",
					"$(inherited)",
				);
				GCC_WARN_64_TO_32_BIT_CONVERSION = YES;
				GCC_WARN_ABOUT_RETURN_TYPE = YES_ERROR;
				GCC_WARN_UNDECLARED_SELECTOR = YES;
				GCC_WARN_UNINITIALIZED_AUTOS = YES_AGGRESSIVE;
				GCC_WARN_UNUSED_FUNCTION = YES;
				GCC_WARN_UNUSED_VARIABLE = YES;
				IPHONEOS_DEPLOYMENT_TARGET = 9.3;
				MTL_ENABLE_DEBUG_INFO = YES;
				ONLY_ACTIVE_ARCH = YES;
				SDKROOT = iphoneos;
			};
			name = Debug;
		};
		142099E21D5EFC4A0071089F /* Release */ = {
			isa = XCBuildConfiguration;
			buildSettings = {
				ALWAYS_SEARCH_USER_PATHS = NO;
				CLANG_ANALYZER_NONNULL = YES;
				CLANG_CXX_LANGUAGE_STANDARD = "gnu++0x";
				CLANG_CXX_LIBRARY = "libc++";
				CLANG_ENABLE_MODULES = YES;
				CLANG_ENABLE_OBJC_ARC = YES;
				CLANG_WARN_BOOL_CONVERSION = YES;
				CLANG_WARN_CONSTANT_CONVERSION = YES;
				CLANG_WARN_DIRECT_OBJC_ISA_USAGE = YES_ERROR;
				CLANG_WARN_EMPTY_BODY = YES;
				CLANG_WARN_ENUM_CONVERSION = YES;
				CLANG_WARN_INT_CONVERSION = YES;
				CLANG_WARN_OBJC_ROOT_CLASS = YES_ERROR;
				CLANG_WARN_UNREACHABLE_CODE = YES;
				CLANG_WARN__DUPLICATE_METHOD_MATCH = YES;
				"CODE_SIGN_IDENTITY[sdk=iphoneos*]" = "iPhone Developer";
				COPY_PHASE_STRIP = NO;
				DEBUG_INFORMATION_FORMAT = "dwarf-with-dsym";
				ENABLE_NS_ASSERTIONS = NO;
				ENABLE_STRICT_OBJC_MSGSEND = YES;
				GCC_C_LANGUAGE_STANDARD = gnu99;
				GCC_NO_COMMON_BLOCKS = YES;
				GCC_WARN_64_TO_32_BIT_CONVERSION = YES;
				GCC_WARN_ABOUT_RETURN_TYPE = YES_ERROR;
				GCC_WARN_UNDECLARED_SELECTOR = YES;
				GCC_WARN_UNINITIALIZED_AUTOS = YES_AGGRESSIVE;
				GCC_WARN_UNUSED_FUNCTION = YES;
				GCC_WARN_UNUSED_VARIABLE = YES;
				IPHONEOS_DEPLOYMENT_TARGET = 9.3;
				MTL_ENABLE_DEBUG_INFO = NO;
				SDKROOT = iphoneos;
				VALIDATE_PRODUCT = YES;
			};
			name = Release;
		};
		142099E41D5EFC4A0071089F /* Debug */ = {
			isa = XCBuildConfiguration;
			buildSettings = {
				ASSETCATALOG_COMPILER_APPICON_NAME = AppIcon;
				INFOPLIST_FILE = ClassmateContacts/Info.plist;
				LD_RUNPATH_SEARCH_PATHS = "$(inherited) @executable_path/Frameworks";
				PRODUCT_BUNDLE_IDENTIFIER = zhaoyun.ClassmateContacts;
				PRODUCT_NAME = "$(TARGET_NAME)";
			};
			name = Debug;
		};
		142099E51D5EFC4A0071089F /* Release */ = {
			isa = XCBuildConfiguration;
			buildSettings = {
				ASSETCATALOG_COMPILER_APPICON_NAME = AppIcon;
				INFOPLIST_FILE = ClassmateContacts/Info.plist;
				LD_RUNPATH_SEARCH_PATHS = "$(inherited) @executable_path/Frameworks";
				PRODUCT_BUNDLE_IDENTIFIER = zhaoyun.ClassmateContacts;
				PRODUCT_NAME = "$(TARGET_NAME)";
			};
			name = Release;
		};
/* End XCBuildConfiguration section */

/* Begin XCConfigurationList section */
		142099C71D5EFC4A0071089F /* Build configuration list for PBXProject "ClassmateContacts" */ = {
			isa = XCConfigurationList;
			buildConfigurations = (
				142099E11D5EFC4A0071089F /* Debug */,
				142099E21D5EFC4A0071089F /* Release */,
			);
			defaultConfigurationIsVisible = 0;
			defaultConfigurationName = Release;
		};
		142099E31D5EFC4A0071089F /* Build configuration list for PBXNativeTarget "ClassmateContacts" */ = {
			isa = XCConfigurationList;
			buildConfigurations = (
				142099E41D5EFC4A0071089F /* Debug */,
				142099E51D5EFC4A0071089F /* Release */,
			);
			defaultConfigurationIsVisible = 0;
			defaultConfigurationName = Release;
		};
/* End XCConfigurationList section */
	};
	rootObject = 142099C41D5EFC4A0071089F /* Project object */;
}
